
Microsoft Visual Studio Solution File, Format Version 12.00
# Visual Studio Version 17
VisualStudioVersion = 17.11.35222.181
MinimumVisualStudioVersion = 10.0.40219.1
Project("{FAE04EC0-301F-11D3-BF4B-00C04F79EFBC}") = "ExchangeRateBlazorApp", "ExchangeRateBlazorApp\ExchangeRateBlazorApp.csproj", "{BDAECCF6-6DF7-4126-9983-D49ABA7500E5}"
EndProject
Global
	GlobalSection(SolutionConfigurationPlatforms) = preSolution
		Debug|Any CPU = Debug|Any CPU
		Release|Any CPU = Release|Any CPU
	EndGlobalSection
	GlobalSection(ProjectConfigurationPlatforms) = postSolution
		{BDAECCF6-6DF7-4126-9983-D49ABA7500E5}.Debug|Any CPU.ActiveCfg = Debug|Any CPU
		{BDAECCF6-6DF7-4126-9983-D49ABA7500E5}.Debug|Any CPU.Build.0 = Debug|Any CPU
		{BDAECCF6-6DF7-4126-9983-D49ABA7500E5}.Release|Any CPU.ActiveCfg = Release|Any CPU
		{BDAECCF6-6DF7-4126-9983-D49ABA7500E5}.Release|Any CPU.Build.0 = Release|Any CPU
	EndGlobalSection
	GlobalSection(SolutionProperties) = preSolution
		HideSolutionNode = FALSE
	EndGlobalSection
	GlobalSection(ExtensibilityGlobals) = postSolution
		SolutionGuid = {269F1318-5EED-4F80-92FE-E73A6A6A58DE}
	EndGlobalSection
EndGlobal
